
Microsoft Visual Studio Solution File, Format Version 12.00
# Visual Studio 15
VisualStudioVersion = 15.0.28307.421
MinimumVisualStudioVersion = 10.0.40219.1
Project("{2150E333-8FDC-42A3-9474-1A3956D46DE8}") = "Client", "Client", "{2DA8C0F4-15AF-420C-925B-A6E19955BA65}"
EndProject
Project("{2150E333-8FDC-42A3-9474-1A3956D46DE8}") = "Tests", "Tests", "{9D44F750-4DEF-476F-BEDD-8200EA03226E}"
EndProject
Project("{9A19103F-16F7-4668-BE54-9A1E7A4F7556}") = "D4Sign.Client", "D4Sign.Client\D4Sign.Client.csproj", "{3E1C6D00-E2B3-4D39-AC1D-4DC7FAAE5B26}"
EndProject
Project("{9A19103F-16F7-4668-BE54-9A1E7A4F7556}") = "D4Sign.Tests", "D4Sign.Tests\D4Sign.Tests.csproj", "{E2B94164-1248-4C63-9EB7-02A192BD984D}"
EndProject
Global
	GlobalSection(SolutionConfigurationPlatforms) = preSolution
		Debug|Any CPU = Debug|Any CPU
		Release|Any CPU = Release|Any CPU
	EndGlobalSection
	GlobalSection(ProjectConfigurationPlatforms) = postSolution
		{3E1C6D00-E2B3-4D39-AC1D-4DC7FAAE5B26}.Debug|Any CPU.ActiveCfg = Debug|Any CPU
		{3E1C6D00-E2B3-4D39-AC1D-4DC7FAAE5B26}.Debug|Any CPU.Build.0 = Debug|Any CPU
		{3E1C6D00-E2B3-4D39-AC1D-4DC7FAAE5B26}.Release|Any CPU.ActiveCfg = Release|Any CPU
		{3E1C6D00-E2B3-4D39-AC1D-4DC7FAAE5B26}.Release|Any CPU.Build.0 = Release|Any CPU
		{E2B94164-1248-4C63-9EB7-02A192BD984D}.Debug|Any CPU.ActiveCfg = Debug|Any CPU
		{E2B94164-1248-4C63-9EB7-02A192BD984D}.Debug|Any CPU.Build.0 = Debug|Any CPU
		{E2B94164-1248-4C63-9EB7-02A192BD984D}.Release|Any CPU.ActiveCfg = Release|Any CPU
		{E2B94164-1248-4C63-9EB7-02A192BD984D}.Release|Any CPU.Build.0 = Release|Any CPU
	EndGlobalSection
	GlobalSection(SolutionProperties) = preSolution
		HideSolutionNode = FALSE
	EndGlobalSection
	GlobalSection(NestedProjects) = preSolution
		{3E1C6D00-E2B3-4D39-AC1D-4DC7FAAE5B26} = {2DA8C0F4-15AF-420C-925B-A6E19955BA65}
		{E2B94164-1248-4C63-9EB7-02A192BD984D} = {9D44F750-4DEF-476F-BEDD-8200EA03226E}
	EndGlobalSection
	GlobalSection(ExtensibilityGlobals) = postSolution
		SolutionGuid = {23AB5E41-204B-40CE-8017-7A6855FA38B3}
	EndGlobalSection
EndGlobal
